// !$*UTF8*$!
{
	archiveVersion = 1;
	classes = {
	};
	objectVersion = 48;
	objects = {

/* Begin PBXBuildFile section */
		69331858200C910800818872 /* AppDelegate.m in Sources */ = {isa = PBXBuildFile; fileRef = 69331857200C910800818872 /* AppDelegate.m */; };
		6933185B200C910800818872 /* ViewController.m in Sources */ = {isa = PBXBuildFile; fileRef = 6933185A200C910800818872 /* ViewController.m */; };
		6933185E200C910800818872 /* Main.storyboard in Resources */ = {isa = PBXBuildFile; fileRef = 6933185C200C910800818872 /* Main.storyboard */; };
		69331860200C910800818872 /* Assets.xcassets in Resources */ = {isa = PBXBuildFile; fileRef = 6933185F200C910800818872 /* Assets.xcassets */; };
		69331863200C910800818872 /* LaunchScreen.storyboard in Resources */ = {isa = PBXBuildFile; fileRef = 69331861200C910800818872 /* LaunchScreen.storyboard */; };
		69331866200C910800818872 /* main.m in Sources */ = {isa = PBXBuildFile; fileRef = 69331865200C910800818872 /* main.m */; };
		6933186E200C911300818872 /* BaseNavigationController.m in Sources */ = {isa = PBXBuildFile; fileRef = 6933186C200C911300818872 /* BaseNavigationController.m */; };
		69331871200C912B00818872 /* WFNavigationBar.m in Sources */ = {isa = PBXBuildFile; fileRef = 69331870200C912B00818872 /* WFNavigationBar.m */; };
/* End PBXBuildFile section */

/* Begin PBXFileReference section */
		69331853200C910800818872 /* WFnavagationClear.app */ = {isa = PBXFileReference; explicitFileType = wrapper.application; includeInIndex = 0; path = WFnavagationClear.app; sourceTree = BUILT_PRODUCTS_DIR; };
		69331856200C910800818872 /* AppDelegate.h */ = {isa = PBXFileReference; lastKnownFileType = sourcecode.c.h; path = AppDelegate.h; sourceTree = "<group>"; };
		69331857200C910800818872 /* AppDelegate.m */ = {isa = PBXFileReference; lastKnownFileType = sourcecode.c.objc; path = AppDelegate.m; sourceTree = "<group>"; };
		69331859200C910800818872 /* ViewController.h */ = {isa = PBXFileReference; lastKnownFileType = sourcecode.c.h; path = ViewController.h; sourceTree = "<group>"; };
		6933185A200C910800818872 /* ViewController.m */ = {isa = PBXFileReference; lastKnownFileType = sourcecode.c.objc; path = ViewController.m; sourceTree = "<group>"; };
		6933185D200C910800818872 /* Base */ = {isa = PBXFileReference; lastKnownFileType = file.storyboard; name = Base; path = Base.lproj/Main.storyboard; sourceTree = "<group>"; };
		6933185F200C910800818872 /* Assets.xcassets */ = {isa = PBXFileReference; lastKnownFileType = folder.assetcatalog; path = Assets.xcassets; sourceTree = "<group>"; };
		69331862200C910800818872 /* Base */ = {isa = PBXFileReference; lastKnownFileType = file.storyboard; name = Base; path = Base.lproj/LaunchScreen.storyboard; sourceTree = "<group>"; };
		69331864200C910800818872 /* Info.plist */ = {isa = PBXFileReference; lastKnownFileType = text.plist.xml; path = Info.plist; sourceTree = "<group>"; };
		69331865200C910800818872 /* main.m */ = {isa = PBXFileReference; lastKnownFileType = sourcecode.c.objc; path = main.m; sourceTree = "<group>"; };
		6933186C200C911300818872 /* BaseNavigationController.m */ = {isa = PBXFileReference; fileEncoding = 4; lastKnownFileType = sourcecode.c.objc; path = BaseNavigationController.m; sourceTree = "<group>"; };
		6933186D200C911300818872 /* BaseNavigationController.h */ = {isa = PBXFileReference; fileEncoding = 4; lastKnownFileType = sourcecode.c.h; path = BaseNavigationController.h; sourceTree = "<group>"; };
		6933186F200C912B00818872 /* WFNavigationBar.h */ = {isa = PBXFileReference; fileEncoding = 4; lastKnownFileType = sourcecode.c.h; path = WFNavigationBar.h; sourceTree = "<group>"; };
		69331870200C912B00818872 /* WFNavigationBar.m */ = {isa = PBXFileReference; fileEncoding = 4; lastKnownFileType = sourcecode.c.objc; path = WFNavigationBar.m; sourceTree = "<group>"; };
/* End PBXFileReference section */

/* Begin PBXFrameworksBuildPhase section */
		69331850200C910800818872 /* Frameworks */ = {
			isa = PBXFrameworksBuildPhase;
			buildActionMask = 2147483647;
			files = (
			);
			runOnlyForDeploymentPostprocessing = 0;
		};
/* End PBXFrameworksBuildPhase section */

/* Begin PBXGroup section */
		6933184A200C910800818872 = {
			isa = PBXGroup;
			children = (
				69331855200C910800818872 /* WFnavagationClear */,
				69331854200C910800818872 /* Products */,
			);
			sourceTree = "<group>";
		};
		69331854200C910800818872 /* Products */ = {
			isa = PBXGroup;
			children = (
				69331853200C910800818872 /* WFnavagationClear.app */,
			);
			name = Products;
			sourceTree = "<group>";
		};
		69331855200C910800818872 /* WFnavagationClear */ = {
			isa = PBXGroup;
			children = (
				6933186D200C911300818872 /* BaseNavigationController.h */,
				6933186C200C911300818872 /* BaseNavigationController.m */,
				6933186F200C912B00818872 /* WFNavigationBar.h */,
				69331870200C912B00818872 /* WFNavigationBar.m */,
				69331856200C910800818872 /* AppDelegate.h */,
				69331857200C910800818872 /* AppDelegate.m */,
				69331859200C910800818872 /* ViewController.h */,
				6933185A200C910800818872 /* ViewController.m */,
				6933185C200C910800818872 /* Main.storyboard */,
				6933185F200C910800818872 /* Assets.xcassets */,
				69331861200C910800818872 /* LaunchScreen.storyboard */,
				69331864200C910800818872 /* Info.plist */,
				69331865200C910800818872 /* main.m */,
			);
			path = WFnavagationClear;
			sourceTree = "<group>";
		};
/* End PBXGroup section */

/* Begin PBXNativeTarget section */
		69331852200C910800818872 /* WFnavagationClear */ = {
			isa = PBXNativeTarget;
			buildConfigurationList = 69331869200C910800818872 /* Build configuration list for PBXNativeTarget "WFnavagationClear" */;
			buildPhases = (
				6933184F200C910800818872 /* Sources */,
				69331850200C910800818872 /* Frameworks */,
				69331851200C910800818872 /* Resources */,
			);
			buildRules = (
			);
			dependencies = (
			);
			name = WFnavagationClear;
			productName = WFnavagationClear;
			productReference = 69331853200C910800818872 /* WFnavagationClear.app */;
			productType = "com.apple.product-type.application";
		};
/* End PBXNativeTarget section */

/* Begin PBXProject section */
		6933184B200C910800818872 /* Project object */ = {
			isa = PBXProject;
			attributes = {
				LastUpgradeCheck = 0920;
				ORGANIZATIONNAME = "小事科技";
				TargetAttributes = {
					69331852200C910800818872 = {
						CreatedOnToolsVersion = 9.2;
						ProvisioningStyle = Automatic;
					};
				};
			};
			buildConfigurationList = 6933184E200C910800818872 /* Build configuration list for PBXProject "WFnavagationClear" */;
			compatibilityVersion = "Xcode 8.0";
			developmentRegion = en;
			hasScannedForEncodings = 0;
			knownRegions = (
				en,
				Base,
			);
			mainGroup = 6933184A200C910800818872;
			productRefGroup = 69331854200C910800818872 /* Products */;
			projectDirPath = "";
			projectRoot = "";
			targets = (
				69331852200C910800818872 /* WFnavagationClear */,
			);
		};
/* End PBXProject section */

/* Begin PBXResourcesBuildPhase section */
		69331851200C910800818872 /* Resources */ = {
			isa = PBXResourcesBuildPhase;
			buildActionMask = 2147483647;
			files = (
				69331863200C910800818872 /* LaunchScreen.storyboard in Resources */,
				69331860200C910800818872 /* Assets.xcassets in Resources */,
				6933185E200C910800818872 /* Main.storyboard in Resources */,
			);
			runOnlyForDeploymentPostprocessing = 0;
		};
/* End PBXResourcesBuildPhase section */

/* Begin PBXSourcesBuildPhase section */
		6933184F200C910800818872 /* Sources */ = {
			isa = PBXSourcesBuildPhase;
			buildActionMask = 2147483647;
			files = (
				6933186E200C911300818872 /* BaseNavigationController.m in Sources */,
				6933185B200C910800818872 /* ViewController.m in Sources */,
				69331866200C910800818872 /* main.m in Sources */,
				69331871200C912B00818872 /* WFNavigationBar.m in Sources */,
				69331858200C910800818872 /* AppDelegate.m in Sources */,
			);
			runOnlyForDeploymentPostprocessing = 0;
		};
/* End PBXSourcesBuildPhase section */

/* Begin PBXVariantGroup section */
		6933185C200C910800818872 /* Main.storyboard */ = {
			isa = PBXVariantGroup;
			children = (
				6933185D200C910800818872 /* Base */,
			);
			name = Main.storyboard;
			sourceTree = "<group>";
		};
		69331861200C910800818872 /* LaunchScreen.storyboard */ = {
			isa = PBXVariantGroup;
			children = (
				69331862200C910800818872 /* Base */,
			);
			name = LaunchScreen.storyboard;
			sourceTree = "<group>";
		};
/* End PBXVariantGroup section */

/* Begin XCBuildConfiguration section */
		69331867200C910800818872 /* Debug */ = {
			isa = XCBuildConfiguration;
			buildSettings = {
				ALWAYS_SEARCH_USER_PATHS = NO;
				CLANG_ANALYZER_NONNULL = YES;
				CLANG_ANALYZER_NUMBER_OBJECT_CONVERSION = YES_AGGRESSIVE;
				CLANG_CXX_LANGUAGE_STANDARD = "gnu++14";
				CLANG_CXX_LIBRARY = "libc++";
				CLANG_ENABLE_MODULES = YES;
				CLANG_ENABLE_OBJC_ARC = YES;
				CLANG_WARN_BLOCK_CAPTURE_AUTORELEASING = YES;
				CLANG_WARN_BOOL_CONVERSION = YES;
				CLANG_WARN_COMMA = YES;
				CLANG_WARN_CONSTANT_CONVERSION = YES;
				CLANG_WARN_DIRECT_OBJC_ISA_USAGE = YES_ERROR;
				CLANG_WARN_DOCUMENTATION_COMMENTS = YES;
				CLANG_WARN_EMPTY_BODY = YES;
				CLANG_WARN_ENUM_CONVERSION = YES;
				CLANG_WARN_INFINITE_RECURSION = YES;
				CLANG_WARN_INT_CONVERSION = YES;
				CLANG_WARN_NON_LITERAL_NULL_CONVERSION = YES;
				CLANG_WARN_OBJC_LITERAL_CONVERSION = YES;
				CLANG_WARN_OBJC_ROOT_CLASS = YES_ERROR;
				CLANG_WARN_RANGE_LOOP_ANALYSIS = YES;
				CLANG_WARN_STRICT_PROTOTYPES = YES;
				CLANG_WARN_SUSPICIOUS_MOVE = YES;
				CLANG_WARN_UNGUARDED_AVAILABILITY = YES_AGGRESSIVE;
				CLANG_WARN_UNREACHABLE_CODE = YES;
				CLANG_WARN__DUPLICATE_METHOD_MATCH = YES;
				CODE_SIGN_IDENTITY = "iPhone Developer";
				COPY_PHASE_STRIP = NO;
				DEBUG_INFORMATION_FORMAT = dwarf;
				ENABLE_STRICT_OBJC_MSGSEND = YES;
				ENABLE_TESTABILITY = YES;
				GCC_C_LANGUAGE_STANDARD = gnu11;
				GCC_DYNAMIC_NO_PIC = NO;
				GCC_NO_COMMON_BLOCKS = YES;
				GCC_OPTIMIZATION_LEVEL = 0;
				GCC_PREPROCESSOR_DEFINITIONS = (
					"DEBUG=1",
					"$(inherited)",
				);
				GCC_WARN_64_TO_32_BIT_CONVERSION = YES;
				GCC_WARN_ABOUT_RETURN_TYPE = YES_ERROR;
				GCC_WARN_UNDECLARED_SELECTOR = YES;
				GCC_WARN_UNINITIALIZED_AUTOS = YES_AGGRESSIVE;
				GCC_WARN_UNUSED_FUNCTION = YES;
				GCC_WARN_UNUSED_VARIABLE = YES;
				IPHONEOS_DEPLOYMENT_TARGET = 11.2;
				MTL_ENABLE_DEBUG_INFO = YES;
				ONLY_ACTIVE_ARCH = YES;
				SDKROOT = iphoneos;
			};
			name = Debug;
		};
		69331868200C910800818872 /* Release */ = {
			isa = XCBuildConfiguration;
			buildSettings = {
				ALWAYS_SEARCH_USER_PATHS = NO;
				CLANG_ANALYZER_NONNULL = YES;
				CLANG_ANALYZER_NUMBER_OBJECT_CONVERSION = YES_AGGRESSIVE;
				CLANG_CXX_LANGUAGE_STANDARD = "gnu++14";
				CLANG_CXX_LIBRARY = "libc++";
				CLANG_ENABLE_MODULES = YES;
				CLANG_ENABLE_OBJC_ARC = YES;
				CLANG_WARN_BLOCK_CAPTURE_AUTORELEASING = YES;
				CLANG_WARN_BOOL_CONVERSION = YES;
				CLANG_WARN_COMMA = YES;
				CLANG_WARN_CONSTANT_CONVERSION = YES;
				CLANG_WARN_DIRECT_OBJC_ISA_USAGE = YES_ERROR;
				CLANG_WARN_DOCUMENTATION_COMMENTS = YES;
				CLANG_WARN_EMPTY_BODY = YES;
				CLANG_WARN_ENUM_CONVERSION = YES;
				CLANG_WARN_INFINITE_RECURSION = YES;
				CLANG_WARN_INT_CONVERSION = YES;
				CLANG_WARN_NON_LITERAL_NULL_CONVERSION = YES;
				CLANG_WARN_OBJC_LITERAL_CONVERSION = YES;
				CLANG_WARN_OBJC_ROOT_CLASS = YES_ERROR;
				CLANG_WARN_RANGE_LOOP_ANALYSIS = YES;
				CLANG_WARN_STRICT_PROTOTYPES = YES;
				CLANG_WARN_SUSPICIOUS_MOVE = YES;
				CLANG_WARN_UNGUARDED_AVAILABILITY = YES_AGGRESSIVE;
				CLANG_WARN_UNREACHABLE_CODE = YES;
				CLANG_WARN__DUPLICATE_METHOD_MATCH = YES;
				CODE_SIGN_IDENTITY = "iPhone Developer";
				COPY_PHASE_STRIP = NO;
				DEBUG_INFORMATION_FORMAT = "dwarf-with-dsym";
				ENABLE_NS_ASSERTIONS = NO;
				ENABLE_STRICT_OBJC_MSGSEND = YES;
				GCC_C_LANGUAGE_STANDARD = gnu11;
				GCC_NO_COMMON_BLOCKS = YES;
				GCC_WARN_64_TO_32_BIT_CONVERSION = YES;
				GCC_WARN_ABOUT_RETURN_TYPE = YES_ERROR;
				GCC_WARN_UNDECLARED_SELECTOR = YES;
				GCC_WARN_UNINITIALIZED_AUTOS = YES_AGGRESSIVE;
				GCC_WARN_UNUSED_FUNCTION = YES;
				GCC_WARN_UNUSED_VARIABLE = YES;
				IPHONEOS_DEPLOYMENT_TARGET = 11.2;
				MTL_ENABLE_DEBUG_INFO = NO;
				SDKROOT = iphoneos;
				VALIDATE_PRODUCT = YES;
			};
			name = Release;
		};
		6933186A200C910800818872 /* Debug */ = {
			isa = XCBuildConfiguration;
			buildSettings = {
				ASSETCATALOG_COMPILER_APPICON_NAME = AppIcon;
				CODE_SIGN_STYLE = Automatic;
				INFOPLIST_FILE = WFnavagationClear/Info.plist;
				LD_RUNPATH_SEARCH_PATHS = "$(inherited) @executable_path/Frameworks";
				PRODUCT_BUNDLE_IDENTIFIER = com.xiaoshikeji.xiaoshi.WFnavagationClear;
				PRODUCT_NAME = "$(TARGET_NAME)";
				TARGETED_DEVICE_FAMILY = "1,2";
			};
			name = Debug;
		};
		6933186B200C910800818872 /* Release */ = {
			isa = XCBuildConfiguration;
			buildSettings = {
				ASSETCATALOG_COMPILER_APPICON_NAME = AppIcon;
				CODE_SIGN_STYLE = Automatic;
				INFOPLIST_FILE = WFnavagationClear/Info.plist;
				LD_RUNPATH_SEARCH_PATHS = "$(inherited) @executable_path/Frameworks";
				PRODUCT_BUNDLE_IDENTIFIER = com.xiaoshikeji.xiaoshi.WFnavagationClear;
				PRODUCT_NAME = "$(TARGET_NAME)";
				TARGETED_DEVICE_FAMILY = "1,2";
			};
			name = Release;
		};
/* End XCBuildConfiguration section */

/* Begin XCConfigurationList section */
		6933184E200C910800818872 /* Build configuration list for PBXProject "WFnavagationClear" */ = {
			isa = XCConfigurationList;
			buildConfigurations = (
				69331867200C910800818872 /* Debug */,
				69331868200C910800818872 /* Release */,
			);
			defaultConfigurationIsVisible = 0;
			defaultConfigurationName = Release;
		};
		69331869200C910800818872 /* Build configuration list for PBXNativeTarget "WFnavagationClear" */ = {
			isa = XCConfigurationList;
			buildConfigurations = (
				6933186A200C910800818872 /* Debug */,
				6933186B200C910800818872 /* Release */,
			);
			defaultConfigurationIsVisible = 0;
			defaultConfigurationName = Release;
		};
/* End XCConfigurationList section */
	};
	rootObject = 6933184B200C910800818872 /* Project object */;
}
